
Microsoft Visual Studio Solution File, Format Version 12.00
# Visual Studio Version 17
VisualStudioVersion = 17.0.32002.185
MinimumVisualStudioVersion = 10.0.40219.1
Project("{9A19103F-16F7-4668-BE54-9A1E7A4F7556}") = "CaliburnMicroDotNet6", "CaliburnMicroDotNet6\CaliburnMicroDotNet6.csproj", "{6D9C9F27-52A2-4FDE-BD6A-2A73FB74AA8B}"
EndProject
Project("{9A19103F-16F7-4668-BE54-9A1E7A4F7556}") = "WithAppSettings", "WithAppSettings\WithAppSettings.csproj", "{5F7C2F71-F8C8-4520-B3FD-47CA5F178B3A}"
EndProject
Project("{9A19103F-16F7-4668-BE54-9A1E7A4F7556}") = "WithLogging", "WithLogging\WithLogging.csproj", "{A28B9B79-C421-46F3-8613-334C12488646}"
EndProject
Project("{FAE04EC0-301F-11D3-BF4B-00C04F79EFBC}") = "WithUITheme", "WithUITheme\WithUITheme.csproj", "{9E7B20EF-DF51-42CB-8395-002C0ADCAC04}"
EndProject
Global
	GlobalSection(SolutionConfigurationPlatforms) = preSolution
		Debug|Any CPU = Debug|Any CPU
		Release|Any CPU = Release|Any CPU
	EndGlobalSection
	GlobalSection(ProjectConfigurationPlatforms) = postSolution
		{6D9C9F27-52A2-4FDE-BD6A-2A73FB74AA8B}.Debug|Any CPU.ActiveCfg = Debug|Any CPU
		{6D9C9F27-52A2-4FDE-BD6A-2A73FB74AA8B}.Debug|Any CPU.Build.0 = Debug|Any CPU
		{6D9C9F27-52A2-4FDE-BD6A-2A73FB74AA8B}.Release|Any CPU.ActiveCfg = Release|Any CPU
		{6D9C9F27-52A2-4FDE-BD6A-2A73FB74AA8B}.Release|Any CPU.Build.0 = Release|Any CPU
		{5F7C2F71-F8C8-4520-B3FD-47CA5F178B3A}.Debug|Any CPU.ActiveCfg = Debug|Any CPU
		{5F7C2F71-F8C8-4520-B3FD-47CA5F178B3A}.Debug|Any CPU.Build.0 = Debug|Any CPU
		{5F7C2F71-F8C8-4520-B3FD-47CA5F178B3A}.Release|Any CPU.ActiveCfg = Release|Any CPU
		{5F7C2F71-F8C8-4520-B3FD-47CA5F178B3A}.Release|Any CPU.Build.0 = Release|Any CPU
		{A28B9B79-C421-46F3-8613-334C12488646}.Debug|Any CPU.ActiveCfg = Debug|Any CPU
		{A28B9B79-C421-46F3-8613-334C12488646}.Debug|Any CPU.Build.0 = Debug|Any CPU
		{A28B9B79-C421-46F3-8613-334C12488646}.Release|Any CPU.ActiveCfg = Release|Any CPU
		{A28B9B79-C421-46F3-8613-334C12488646}.Release|Any CPU.Build.0 = Release|Any CPU
		{9E7B20EF-DF51-42CB-8395-002C0ADCAC04}.Debug|Any CPU.ActiveCfg = Debug|Any CPU
		{9E7B20EF-DF51-42CB-8395-002C0ADCAC04}.Debug|Any CPU.Build.0 = Debug|Any CPU
		{9E7B20EF-DF51-42CB-8395-002C0ADCAC04}.Release|Any CPU.ActiveCfg = Release|Any CPU
		{9E7B20EF-DF51-42CB-8395-002C0ADCAC04}.Release|Any CPU.Build.0 = Release|Any CPU
	EndGlobalSection
	GlobalSection(SolutionProperties) = preSolution
		HideSolutionNode = FALSE
	EndGlobalSection
	GlobalSection(ExtensibilityGlobals) = postSolution
		SolutionGuid = {0B8CB132-27E5-4478-B891-BD0C17A9726C}
	EndGlobalSection
EndGlobal
